
Microsoft Visual Studio Solution File, Format Version 12.00
# Visual Studio Version 16
VisualStudioVersion = 16.0.31402.337
MinimumVisualStudioVersion = 10.0.40219.1
Project("{FAE04EC0-301F-11D3-BF4B-00C04F79EFBC}") = "Exemplo-03", "Exemplo-03\Exemplo-03.csproj", "{A11C2CC9-90FE-492F-ABB5-ABB16C3689AA}"
EndProject
Global
	GlobalSection(SolutionConfigurationPlatforms) = preSolution
		Debug|Any CPU = Debug|Any CPU
		Release|Any CPU = Release|Any CPU
	EndGlobalSection
	GlobalSection(ProjectConfigurationPlatforms) = postSolution
		{A11C2CC9-90FE-492F-ABB5-ABB16C3689AA}.Debug|Any CPU.ActiveCfg = Debug|Any CPU
		{A11C2CC9-90FE-492F-ABB5-ABB16C3689AA}.Debug|Any CPU.Build.0 = Debug|Any CPU
		{A11C2CC9-90FE-492F-ABB5-ABB16C3689AA}.Release|Any CPU.ActiveCfg = Release|Any CPU
		{A11C2CC9-90FE-492F-ABB5-ABB16C3689AA}.Release|Any CPU.Build.0 = Release|Any CPU
	EndGlobalSection
	GlobalSection(SolutionProperties) = preSolution
		HideSolutionNode = FALSE
	EndGlobalSection
	GlobalSection(ExtensibilityGlobals) = postSolution
		SolutionGuid = {3E13A13A-6338-40D1-8051-CB0593D2B29D}
	EndGlobalSection
EndGlobal
