
Microsoft Visual Studio Solution File, Format Version 12.00
# Visual Studio Version 16
VisualStudioVersion = 16.0.31402.337
MinimumVisualStudioVersion = 10.0.40219.1
Project("{FAE04EC0-301F-11D3-BF4B-00C04F79EFBC}") = "Exemplo-02-URI-1113", "Exemplo-02-URI-1113\Exemplo-02-URI-1113.csproj", "{BCA474C0-E20A-4C66-AC31-4E1901FAC7A7}"
EndProject
Global
	GlobalSection(SolutionConfigurationPlatforms) = preSolution
		Debug|Any CPU = Debug|Any CPU
		Release|Any CPU = Release|Any CPU
	EndGlobalSection
	GlobalSection(ProjectConfigurationPlatforms) = postSolution
		{BCA474C0-E20A-4C66-AC31-4E1901FAC7A7}.Debug|Any CPU.ActiveCfg = Debug|Any CPU
		{BCA474C0-E20A-4C66-AC31-4E1901FAC7A7}.Debug|Any CPU.Build.0 = Debug|Any CPU
		{BCA474C0-E20A-4C66-AC31-4E1901FAC7A7}.Release|Any CPU.ActiveCfg = Release|Any CPU
		{BCA474C0-E20A-4C66-AC31-4E1901FAC7A7}.Release|Any CPU.Build.0 = Release|Any CPU
	EndGlobalSection
	GlobalSection(SolutionProperties) = preSolution
		HideSolutionNode = FALSE
	EndGlobalSection
	GlobalSection(ExtensibilityGlobals) = postSolution
		SolutionGuid = {D01088CB-225C-4B19-BC74-FAD8DF4FA102}
	EndGlobalSection
EndGlobal
