
Microsoft Visual Studio Solution File, Format Version 12.00
# Visual Studio Version 16
VisualStudioVersion = 16.0.31402.337
MinimumVisualStudioVersion = 10.0.40219.1
Project("{FAE04EC0-301F-11D3-BF4B-00C04F79EFBC}") = "Exemplo-01", "Exemplo-01\Exemplo-01.csproj", "{AAF54383-27D6-4933-BDBA-5D5E9C2DC86D}"
EndProject
Global
	GlobalSection(SolutionConfigurationPlatforms) = preSolution
		Debug|Any CPU = Debug|Any CPU
		Release|Any CPU = Release|Any CPU
	EndGlobalSection
	GlobalSection(ProjectConfigurationPlatforms) = postSolution
		{AAF54383-27D6-4933-BDBA-5D5E9C2DC86D}.Debug|Any CPU.ActiveCfg = Debug|Any CPU
		{AAF54383-27D6-4933-BDBA-5D5E9C2DC86D}.Debug|Any CPU.Build.0 = Debug|Any CPU
		{AAF54383-27D6-4933-BDBA-5D5E9C2DC86D}.Release|Any CPU.ActiveCfg = Release|Any CPU
		{AAF54383-27D6-4933-BDBA-5D5E9C2DC86D}.Release|Any CPU.Build.0 = Release|Any CPU
	EndGlobalSection
	GlobalSection(SolutionProperties) = preSolution
		HideSolutionNode = FALSE
	EndGlobalSection
	GlobalSection(ExtensibilityGlobals) = postSolution
		SolutionGuid = {370021DF-3234-43C7-907C-144674169A50}
	EndGlobalSection
EndGlobal
