
Microsoft Visual Studio Solution File, Format Version 12.00
# Visual Studio Version 16
VisualStudioVersion = 16.0.31402.337
MinimumVisualStudioVersion = 10.0.40219.1
Project("{FAE04EC0-301F-11D3-BF4B-00C04F79EFBC}") = "Exercicio-05", "Exercicio-05\Exercicio-05.csproj", "{40C8E378-B538-414A-8506-DEC4886AEA7A}"
EndProject
Global
	GlobalSection(SolutionConfigurationPlatforms) = preSolution
		Debug|Any CPU = Debug|Any CPU
		Release|Any CPU = Release|Any CPU
	EndGlobalSection
	GlobalSection(ProjectConfigurationPlatforms) = postSolution
		{40C8E378-B538-414A-8506-DEC4886AEA7A}.Debug|Any CPU.ActiveCfg = Debug|Any CPU
		{40C8E378-B538-414A-8506-DEC4886AEA7A}.Debug|Any CPU.Build.0 = Debug|Any CPU
		{40C8E378-B538-414A-8506-DEC4886AEA7A}.Release|Any CPU.ActiveCfg = Release|Any CPU
		{40C8E378-B538-414A-8506-DEC4886AEA7A}.Release|Any CPU.Build.0 = Release|Any CPU
	EndGlobalSection
	GlobalSection(SolutionProperties) = preSolution
		HideSolutionNode = FALSE
	EndGlobalSection
	GlobalSection(ExtensibilityGlobals) = postSolution
		SolutionGuid = {481B8684-7AE5-48EC-8E13-D91DD29C5E45}
	EndGlobalSection
EndGlobal
