
Microsoft Visual Studio Solution File, Format Version 12.00
# Visual Studio Version 16
VisualStudioVersion = 16.0.31402.337
MinimumVisualStudioVersion = 10.0.40219.1
Project("{FAE04EC0-301F-11D3-BF4B-00C04F79EFBC}") = "Exemplo-02-URI-1001", "Exemplo-02\Exemplo-02-URI-1001.csproj", "{23C498F8-8F73-4C42-8AE8-88833B7DB860}"
EndProject
Global
	GlobalSection(SolutionConfigurationPlatforms) = preSolution
		Debug|Any CPU = Debug|Any CPU
		Release|Any CPU = Release|Any CPU
	EndGlobalSection
	GlobalSection(ProjectConfigurationPlatforms) = postSolution
		{23C498F8-8F73-4C42-8AE8-88833B7DB860}.Debug|Any CPU.ActiveCfg = Debug|Any CPU
		{23C498F8-8F73-4C42-8AE8-88833B7DB860}.Debug|Any CPU.Build.0 = Debug|Any CPU
		{23C498F8-8F73-4C42-8AE8-88833B7DB860}.Release|Any CPU.ActiveCfg = Release|Any CPU
		{23C498F8-8F73-4C42-8AE8-88833B7DB860}.Release|Any CPU.Build.0 = Release|Any CPU
	EndGlobalSection
	GlobalSection(SolutionProperties) = preSolution
		HideSolutionNode = FALSE
	EndGlobalSection
	GlobalSection(ExtensibilityGlobals) = postSolution
		SolutionGuid = {E624A019-403A-43D9-A11E-3D09BCFB4297}
	EndGlobalSection
EndGlobal
