
Microsoft Visual Studio Solution File, Format Version 12.00
# Visual Studio Version 16
VisualStudioVersion = 16.0.31911.196
MinimumVisualStudioVersion = 10.0.40219.1
Project("{FAE04EC0-301F-11D3-BF4B-00C04F79EFBC}") = "Exercicio-07", "Exercicio-07\Exercicio-07.csproj", "{46861B0E-5704-45CD-BF1B-2301F82A1638}"
EndProject
Global
	GlobalSection(SolutionConfigurationPlatforms) = preSolution
		Debug|Any CPU = Debug|Any CPU
		Release|Any CPU = Release|Any CPU
	EndGlobalSection
	GlobalSection(ProjectConfigurationPlatforms) = postSolution
		{46861B0E-5704-45CD-BF1B-2301F82A1638}.Debug|Any CPU.ActiveCfg = Debug|Any CPU
		{46861B0E-5704-45CD-BF1B-2301F82A1638}.Debug|Any CPU.Build.0 = Debug|Any CPU
		{46861B0E-5704-45CD-BF1B-2301F82A1638}.Release|Any CPU.ActiveCfg = Release|Any CPU
		{46861B0E-5704-45CD-BF1B-2301F82A1638}.Release|Any CPU.Build.0 = Release|Any CPU
	EndGlobalSection
	GlobalSection(SolutionProperties) = preSolution
		HideSolutionNode = FALSE
	EndGlobalSection
	GlobalSection(ExtensibilityGlobals) = postSolution
		SolutionGuid = {EC3BD604-E9F0-4A4F-85BC-8D57D113F257}
	EndGlobalSection
EndGlobal
