
Microsoft Visual Studio Solution File, Format Version 12.00
# Visual Studio Version 16
VisualStudioVersion = 16.0.31402.337
MinimumVisualStudioVersion = 10.0.40219.1
Project("{FAE04EC0-301F-11D3-BF4B-00C04F79EFBC}") = "Exemplo-05", "Exmplo-05\Exemplo-05.csproj", "{59E26409-F101-4870-ACC5-C2E9D5E0BB1B}"
EndProject
Global
	GlobalSection(SolutionConfigurationPlatforms) = preSolution
		Debug|Any CPU = Debug|Any CPU
		Release|Any CPU = Release|Any CPU
	EndGlobalSection
	GlobalSection(ProjectConfigurationPlatforms) = postSolution
		{59E26409-F101-4870-ACC5-C2E9D5E0BB1B}.Debug|Any CPU.ActiveCfg = Debug|Any CPU
		{59E26409-F101-4870-ACC5-C2E9D5E0BB1B}.Debug|Any CPU.Build.0 = Debug|Any CPU
		{59E26409-F101-4870-ACC5-C2E9D5E0BB1B}.Release|Any CPU.ActiveCfg = Release|Any CPU
		{59E26409-F101-4870-ACC5-C2E9D5E0BB1B}.Release|Any CPU.Build.0 = Release|Any CPU
	EndGlobalSection
	GlobalSection(SolutionProperties) = preSolution
		HideSolutionNode = FALSE
	EndGlobalSection
	GlobalSection(ExtensibilityGlobals) = postSolution
		SolutionGuid = {A0F01D3B-68AD-43F4-993B-A270D00505F7}
	EndGlobalSection
EndGlobal
