
Microsoft Visual Studio Solution File, Format Version 12.00
# Visual Studio Version 16
VisualStudioVersion = 16.0.31911.196
MinimumVisualStudioVersion = 10.0.40219.1
Project("{FAE04EC0-301F-11D3-BF4B-00C04F79EFBC}") = "Exercicio-06", "Exercicio-06\Exercicio-06.csproj", "{ECF74F9B-5736-426F-A67E-BCD006C562EE}"
EndProject
Global
	GlobalSection(SolutionConfigurationPlatforms) = preSolution
		Debug|Any CPU = Debug|Any CPU
		Release|Any CPU = Release|Any CPU
	EndGlobalSection
	GlobalSection(ProjectConfigurationPlatforms) = postSolution
		{ECF74F9B-5736-426F-A67E-BCD006C562EE}.Debug|Any CPU.ActiveCfg = Debug|Any CPU
		{ECF74F9B-5736-426F-A67E-BCD006C562EE}.Debug|Any CPU.Build.0 = Debug|Any CPU
		{ECF74F9B-5736-426F-A67E-BCD006C562EE}.Release|Any CPU.ActiveCfg = Release|Any CPU
		{ECF74F9B-5736-426F-A67E-BCD006C562EE}.Release|Any CPU.Build.0 = Release|Any CPU
	EndGlobalSection
	GlobalSection(SolutionProperties) = preSolution
		HideSolutionNode = FALSE
	EndGlobalSection
	GlobalSection(ExtensibilityGlobals) = postSolution
		SolutionGuid = {2BF45038-65D7-4FAF-813C-FB3BC3742480}
	EndGlobalSection
EndGlobal
